
Microsoft Visual Studio Solution File, Format Version 12.00
# Visual Studio 15
VisualStudioVersion = 15.0.28010.2046
MinimumVisualStudioVersion = 10.0.40219.1
Project("{FAE04EC0-301F-11D3-BF4B-00C04F79EFBC}") = "RestauranteInteligente", "RestauranteInteligente\RestauranteInteligente.csproj", "{6CBD4064-11E2-4D1C-B103-CB5B5521F3F3}"
EndProject
Project("{FAE04EC0-301F-11D3-BF4B-00C04F79EFBC}") = "RestauranteInteligente.Datos", "RestauranteInteligente.Datos\RestauranteInteligente.Datos.csproj", "{FB32C5CE-74F0-462A-B1F9-CEDEFFB1D710}"
EndProject
Project("{FAE04EC0-301F-11D3-BF4B-00C04F79EFBC}") = "RestauranteInteligente.Negocios", "RestauranteInteligente.Negocios\RestauranteInteligente.Negocios.csproj", "{F7DF3C2F-E3BA-4A20-897A-8B23D445A46A}"
EndProject
Project("{FAE04EC0-301F-11D3-BF4B-00C04F79EFBC}") = "RestauranteInteligente.Modelos", "RestauranteInteligente.Modelos\RestauranteInteligente.Modelos.csproj", "{E3DDB00D-8187-49F6-894E-2C5C876FFCA9}"
EndProject
Global
	GlobalSection(SolutionConfigurationPlatforms) = preSolution
		Debug|Any CPU = Debug|Any CPU
		Release|Any CPU = Release|Any CPU
	EndGlobalSection
	GlobalSection(ProjectConfigurationPlatforms) = postSolution
		{6CBD4064-11E2-4D1C-B103-CB5B5521F3F3}.Debug|Any CPU.ActiveCfg = Debug|Any CPU
		{6CBD4064-11E2-4D1C-B103-CB5B5521F3F3}.Debug|Any CPU.Build.0 = Debug|Any CPU
		{6CBD4064-11E2-4D1C-B103-CB5B5521F3F3}.Release|Any CPU.ActiveCfg = Release|Any CPU
		{6CBD4064-11E2-4D1C-B103-CB5B5521F3F3}.Release|Any CPU.Build.0 = Release|Any CPU
		{FB32C5CE-74F0-462A-B1F9-CEDEFFB1D710}.Debug|Any CPU.ActiveCfg = Debug|Any CPU
		{FB32C5CE-74F0-462A-B1F9-CEDEFFB1D710}.Debug|Any CPU.Build.0 = Debug|Any CPU
		{FB32C5CE-74F0-462A-B1F9-CEDEFFB1D710}.Release|Any CPU.ActiveCfg = Release|Any CPU
		{FB32C5CE-74F0-462A-B1F9-CEDEFFB1D710}.Release|Any CPU.Build.0 = Release|Any CPU
		{F7DF3C2F-E3BA-4A20-897A-8B23D445A46A}.Debug|Any CPU.ActiveCfg = Debug|Any CPU
		{F7DF3C2F-E3BA-4A20-897A-8B23D445A46A}.Debug|Any CPU.Build.0 = Debug|Any CPU
		{F7DF3C2F-E3BA-4A20-897A-8B23D445A46A}.Release|Any CPU.ActiveCfg = Release|Any CPU
		{F7DF3C2F-E3BA-4A20-897A-8B23D445A46A}.Release|Any CPU.Build.0 = Release|Any CPU
		{E3DDB00D-8187-49F6-894E-2C5C876FFCA9}.Debug|Any CPU.ActiveCfg = Debug|Any CPU
		{E3DDB00D-8187-49F6-894E-2C5C876FFCA9}.Debug|Any CPU.Build.0 = Debug|Any CPU
		{E3DDB00D-8187-49F6-894E-2C5C876FFCA9}.Release|Any CPU.ActiveCfg = Release|Any CPU
		{E3DDB00D-8187-49F6-894E-2C5C876FFCA9}.Release|Any CPU.Build.0 = Release|Any CPU
	EndGlobalSection
	GlobalSection(SolutionProperties) = preSolution
		HideSolutionNode = FALSE
	EndGlobalSection
	GlobalSection(ExtensibilityGlobals) = postSolution
		SolutionGuid = {DEBBFA43-50A4-46F2-8DCE-2A76415E0990}
	EndGlobalSection
EndGlobal
